
Microsoft Visual Studio Solution File, Format Version 12.00
# Visual Studio Version 16
VisualStudioVersion = 16.0.31624.102
MinimumVisualStudioVersion = 10.0.40219.1
Project("{FAE04EC0-301F-11D3-BF4B-00C04F79EFBC}") = "Kangelased", "Kangelased.csproj", "{EE1C251D-CE17-4462-99E5-0A57AF07E7D3}"
EndProject
Global
	GlobalSection(SolutionConfigurationPlatforms) = preSolution
		Debug|Any CPU = Debug|Any CPU
		Release|Any CPU = Release|Any CPU
	EndGlobalSection
	GlobalSection(ProjectConfigurationPlatforms) = postSolution
		{EE1C251D-CE17-4462-99E5-0A57AF07E7D3}.Debug|Any CPU.ActiveCfg = Debug|Any CPU
		{EE1C251D-CE17-4462-99E5-0A57AF07E7D3}.Debug|Any CPU.Build.0 = Debug|Any CPU
		{EE1C251D-CE17-4462-99E5-0A57AF07E7D3}.Release|Any CPU.ActiveCfg = Release|Any CPU
		{EE1C251D-CE17-4462-99E5-0A57AF07E7D3}.Release|Any CPU.Build.0 = Release|Any CPU
	EndGlobalSection
	GlobalSection(SolutionProperties) = preSolution
		HideSolutionNode = FALSE
	EndGlobalSection
	GlobalSection(ExtensibilityGlobals) = postSolution
		SolutionGuid = {24F41699-1F23-4E78-93BF-594862A15FF5}
	EndGlobalSection
EndGlobal
